
Microsoft Visual Studio Solution File, Format Version 12.00
# Visual Studio Version 17
VisualStudioVersion = 17.11.35222.181
MinimumVisualStudioVersion = 10.0.40219.1
Project("{9A19103F-16F7-4668-BE54-9A1E7A4F7556}") = "WBT_2", "WBT_2\WBT_2.csproj", "{DA059B99-D2B4-4D74-82F3-D5F468B945DF}"
EndProject
Project("{54435603-DBB4-11D2-8724-00A0C9A8B90C}") = "Setup1", "Setup1\Setup1.vdproj", "{5E374073-7AA0-46C5-9DF4-7A8007B25BF4}"
EndProject
Global
	GlobalSection(SolutionConfigurationPlatforms) = preSolution
		Debug|Any CPU = Debug|Any CPU
		Release|Any CPU = Release|Any CPU
	EndGlobalSection
	GlobalSection(ProjectConfigurationPlatforms) = postSolution
		{DA059B99-D2B4-4D74-82F3-D5F468B945DF}.Debug|Any CPU.ActiveCfg = Debug|Any CPU
		{DA059B99-D2B4-4D74-82F3-D5F468B945DF}.Debug|Any CPU.Build.0 = Debug|Any CPU
		{DA059B99-D2B4-4D74-82F3-D5F468B945DF}.Release|Any CPU.ActiveCfg = Release|Any CPU
		{DA059B99-D2B4-4D74-82F3-D5F468B945DF}.Release|Any CPU.Build.0 = Release|Any CPU
		{5E374073-7AA0-46C5-9DF4-7A8007B25BF4}.Debug|Any CPU.ActiveCfg = Debug
		{5E374073-7AA0-46C5-9DF4-7A8007B25BF4}.Release|Any CPU.ActiveCfg = Release
	EndGlobalSection
	GlobalSection(SolutionProperties) = preSolution
		HideSolutionNode = FALSE
	EndGlobalSection
	GlobalSection(ExtensibilityGlobals) = postSolution
		SolutionGuid = {167CB90C-9F93-4120-856E-B557BF727315}
	EndGlobalSection
EndGlobal
